
Microsoft Visual Studio Solution File, Format Version 12.00
# Visual Studio Version 17
VisualStudioVersion = 17.4.33205.214
MinimumVisualStudioVersion = 10.0.40219.1
Project("{FAE04EC0-301F-11D3-BF4B-00C04F79EFBC}") = "AppMapa.Android", "AppMapa\AppMapa.Android\AppMapa.Android.csproj", "{095157CA-85F1-4AD7-BEB6-C11C8CF0B9EB}"
EndProject
Project("{FAE04EC0-301F-11D3-BF4B-00C04F79EFBC}") = "AppMapa", "AppMapa\AppMapa\AppMapa.csproj", "{3F33E816-7D9B-40CD-96ED-932696ED7DA4}"
EndProject
Global
	GlobalSection(SolutionConfigurationPlatforms) = preSolution
		Debug|Any CPU = Debug|Any CPU
		Release|Any CPU = Release|Any CPU
	EndGlobalSection
	GlobalSection(ProjectConfigurationPlatforms) = postSolution
		{095157CA-85F1-4AD7-BEB6-C11C8CF0B9EB}.Debug|Any CPU.ActiveCfg = Debug|Any CPU
		{095157CA-85F1-4AD7-BEB6-C11C8CF0B9EB}.Debug|Any CPU.Build.0 = Debug|Any CPU
		{095157CA-85F1-4AD7-BEB6-C11C8CF0B9EB}.Debug|Any CPU.Deploy.0 = Debug|Any CPU
		{095157CA-85F1-4AD7-BEB6-C11C8CF0B9EB}.Release|Any CPU.ActiveCfg = Release|Any CPU
		{095157CA-85F1-4AD7-BEB6-C11C8CF0B9EB}.Release|Any CPU.Build.0 = Release|Any CPU
		{095157CA-85F1-4AD7-BEB6-C11C8CF0B9EB}.Release|Any CPU.Deploy.0 = Release|Any CPU
		{3F33E816-7D9B-40CD-96ED-932696ED7DA4}.Debug|Any CPU.ActiveCfg = Debug|Any CPU
		{3F33E816-7D9B-40CD-96ED-932696ED7DA4}.Debug|Any CPU.Build.0 = Debug|Any CPU
		{3F33E816-7D9B-40CD-96ED-932696ED7DA4}.Debug|Any CPU.Deploy.0 = Debug|Any CPU
		{3F33E816-7D9B-40CD-96ED-932696ED7DA4}.Release|Any CPU.ActiveCfg = Release|Any CPU
		{3F33E816-7D9B-40CD-96ED-932696ED7DA4}.Release|Any CPU.Build.0 = Release|Any CPU
		{3F33E816-7D9B-40CD-96ED-932696ED7DA4}.Release|Any CPU.Deploy.0 = Release|Any CPU
	EndGlobalSection
	GlobalSection(SolutionProperties) = preSolution
		HideSolutionNode = FALSE
	EndGlobalSection
	GlobalSection(ExtensibilityGlobals) = postSolution
		SolutionGuid = {DBD3F7D3-EB08-4983-AA8F-B86D5B236966}
	EndGlobalSection
EndGlobal
